
Microsoft Visual Studio Solution File, Format Version 12.00
# Visual Studio Version 17
VisualStudioVersion = 17.2.32526.322
MinimumVisualStudioVersion = 10.0.40219.1
Project("{FAE04EC0-301F-11D3-BF4B-00C04F79EFBC}") = "WisemenPokemonWebApp", "WisemenPokemonWebApp\WisemenPokemonWebApp.csproj", "{890B1D9C-52EB-451A-9FB7-A26C09A1DA3A}"
EndProject
Global
	GlobalSection(SolutionConfigurationPlatforms) = preSolution
		Debug|Any CPU = Debug|Any CPU
		Release|Any CPU = Release|Any CPU
	EndGlobalSection
	GlobalSection(ProjectConfigurationPlatforms) = postSolution
		{890B1D9C-52EB-451A-9FB7-A26C09A1DA3A}.Debug|Any CPU.ActiveCfg = Debug|Any CPU
		{890B1D9C-52EB-451A-9FB7-A26C09A1DA3A}.Debug|Any CPU.Build.0 = Debug|Any CPU
		{890B1D9C-52EB-451A-9FB7-A26C09A1DA3A}.Release|Any CPU.ActiveCfg = Release|Any CPU
		{890B1D9C-52EB-451A-9FB7-A26C09A1DA3A}.Release|Any CPU.Build.0 = Release|Any CPU
	EndGlobalSection
	GlobalSection(SolutionProperties) = preSolution
		HideSolutionNode = FALSE
	EndGlobalSection
	GlobalSection(ExtensibilityGlobals) = postSolution
		SolutionGuid = {1D56C7C6-1E22-49F4-AFAA-100322E753BF}
	EndGlobalSection
EndGlobal
